// !$*UTF8*$!
{
	archiveVersion = 1;
	classes = {
	};
	objectVersion = 48;
	objects = {

/* Begin PBXBuildFile section */
		B61AC44E1FB51D0000D44603 /* art.scnassets in Resources */ = {isa = PBXBuildFile; fileRef = B61AC44D1FB51D0000D44603 /* art.scnassets */; };
		B61AC4501FB56C4800D44603 /* Assets.xcassets in Resources */ = {isa = PBXBuildFile; fileRef = B61AC44F1FB56C4800D44603 /* Assets.xcassets */; };
		B66ED4DF1FBAB3C600F2DFE9 /* Scene.sks in Resources */ = {isa = PBXBuildFile; fileRef = B66ED4DD1FBAB3C600F2DFE9 /* Scene.sks */; };
		B66ED4E01FBAB3C600F2DFE9 /* Scene.swift in Sources */ = {isa = PBXBuildFile; fileRef = B66ED4DE1FBAB3C600F2DFE9 /* Scene.swift */; };
		B69CB7131FB822D600D06AA7 /* NewListViewController.swift in Sources */ = {isa = PBXBuildFile; fileRef = B69CB7121FB822D600D06AA7 /* NewListViewController.swift */; };
		B6A848ED1FB82D6000DBD7FA /* cerealResultViewController.swift in Sources */ = {isa = PBXBuildFile; fileRef = B6A848EC1FB82D6000DBD7FA /* cerealResultViewController.swift */; };
		B6A848EF1FB82D7500DBD7FA /* icecreamResultViewController.swift in Sources */ = {isa = PBXBuildFile; fileRef = B6A848EE1FB82D7500DBD7FA /* icecreamResultViewController.swift */; };
		B6EE64101FB3BBF20091B60C /* ProfileViewController.swift in Sources */ = {isa = PBXBuildFile; fileRef = B6EE640F1FB3BBF20091B60C /* ProfileViewController.swift */; };
		B6EE64121FB3BC250091B60C /* ShoppingCartViewController.swift in Sources */ = {isa = PBXBuildFile; fileRef = B6EE64111FB3BC250091B60C /* ShoppingCartViewController.swift */; };
		B6EE64141FB5072B0091B60C /* ItemDetailsViewController.swift in Sources */ = {isa = PBXBuildFile; fileRef = B6EE64131FB5072B0091B60C /* ItemDetailsViewController.swift */; };
		B6EE64161FB50C5D0091B60C /* NaviViewController.swift in Sources */ = {isa = PBXBuildFile; fileRef = B6EE64151FB50C5D0091B60C /* NaviViewController.swift */; };
		B6FDC46F1FB213940087E850 /* AppDelegate.swift in Sources */ = {isa = PBXBuildFile; fileRef = B6FDC46E1FB213940087E850 /* AppDelegate.swift */; };
		B6FDC4711FB213940087E850 /* HomeViewController.swift in Sources */ = {isa = PBXBuildFile; fileRef = B6FDC4701FB213940087E850 /* HomeViewController.swift */; };
		B6FDC4731FB213940087E850 /* ShoppingListViewController.swift in Sources */ = {isa = PBXBuildFile; fileRef = B6FDC4721FB213940087E850 /* ShoppingListViewController.swift */; };
		B6FDC4761FB213940087E850 /* Main.storyboard in Resources */ = {isa = PBXBuildFile; fileRef = B6FDC4741FB213940087E850 /* Main.storyboard */; };
		B6FDC47B1FB213940087E850 /* LaunchScreen.storyboard in Resources */ = {isa = PBXBuildFile; fileRef = B6FDC4791FB213940087E850 /* LaunchScreen.storyboard */; };
		B6FDC4861FB213940087E850 /* ShopLensTests.swift in Sources */ = {isa = PBXBuildFile; fileRef = B6FDC4851FB213940087E850 /* ShopLensTests.swift */; };
		B6FDC4911FB213940087E850 /* ShopLensUITests.swift in Sources */ = {isa = PBXBuildFile; fileRef = B6FDC4901FB213940087E850 /* ShopLensUITests.swift */; };
		EE045B221FCD35D7000D0056 /* logger.swift in Sources */ = {isa = PBXBuildFile; fileRef = EE045B211FCD35D7000D0056 /* logger.swift */; };
		EE045B241FCD35E6000D0056 /* Data.plist in Resources */ = {isa = PBXBuildFile; fileRef = EE045B231FCD35E6000D0056 /* Data.plist */; };
		EE33CEE21FCD6075007ABBEB /* Info.plist in Resources */ = {isa = PBXBuildFile; fileRef = EE33CEE11FCD6075007ABBEB /* Info.plist */; };
/* End PBXBuildFile section */

/* Begin PBXContainerItemProxy section */
		B6FDC4821FB213940087E850 /* PBXContainerItemProxy */ = {
			isa = PBXContainerItemProxy;
			containerPortal = B6FDC4631FB213940087E850 /* Project object */;
			proxyType = 1;
			remoteGlobalIDString = B6FDC46A1FB213940087E850;
			remoteInfo = ShopLens;
		};
		B6FDC48D1FB213940087E850 /* PBXContainerItemProxy */ = {
			isa = PBXContainerItemProxy;
			containerPortal = B6FDC4631FB213940087E850 /* Project object */;
			proxyType = 1;
			remoteGlobalIDString = B6FDC46A1FB213940087E850;
			remoteInfo = ShopLens;
		};
/* End PBXContainerItemProxy section */

/* Begin PBXFileReference section */
		B61AC44D1FB51D0000D44603 /* art.scnassets */ = {isa = PBXFileReference; lastKnownFileType = wrapper.scnassets; path = art.scnassets; sourceTree = "<group>"; };
		B61AC44F1FB56C4800D44603 /* Assets.xcassets */ = {isa = PBXFileReference; lastKnownFileType = folder.assetcatalog; path = Assets.xcassets; sourceTree = SOURCE_ROOT; };
		B66ED4DD1FBAB3C600F2DFE9 /* Scene.sks */ = {isa = PBXFileReference; lastKnownFileType = file.sks; path = Scene.sks; sourceTree = "<group>"; };
		B66ED4DE1FBAB3C600F2DFE9 /* Scene.swift */ = {isa = PBXFileReference; fileEncoding = 4; lastKnownFileType = sourcecode.swift; path = Scene.swift; sourceTree = "<group>"; };
		B69CB7121FB822D600D06AA7 /* NewListViewController.swift */ = {isa = PBXFileReference; lastKnownFileType = sourcecode.swift; path = NewListViewController.swift; sourceTree = "<group>"; };
		B6A848EC1FB82D6000DBD7FA /* cerealResultViewController.swift */ = {isa = PBXFileReference; lastKnownFileType = sourcecode.swift; path = cerealResultViewController.swift; sourceTree = "<group>"; };
		B6A848EE1FB82D7500DBD7FA /* icecreamResultViewController.swift */ = {isa = PBXFileReference; lastKnownFileType = sourcecode.swift; path = icecreamResultViewController.swift; sourceTree = "<group>"; };
		B6EE640F1FB3BBF20091B60C /* ProfileViewController.swift */ = {isa = PBXFileReference; lastKnownFileType = sourcecode.swift; path = ProfileViewController.swift; sourceTree = "<group>"; };
		B6EE64111FB3BC250091B60C /* ShoppingCartViewController.swift */ = {isa = PBXFileReference; lastKnownFileType = sourcecode.swift; path = ShoppingCartViewController.swift; sourceTree = "<group>"; };
		B6EE64131FB5072B0091B60C /* ItemDetailsViewController.swift */ = {isa = PBXFileReference; lastKnownFileType = sourcecode.swift; path = ItemDetailsViewController.swift; sourceTree = "<group>"; };
		B6EE64151FB50C5D0091B60C /* NaviViewController.swift */ = {isa = PBXFileReference; lastKnownFileType = sourcecode.swift; path = NaviViewController.swift; sourceTree = "<group>"; };
		B6FDC46B1FB213940087E850 /* ShopLens.app */ = {isa = PBXFileReference; explicitFileType = wrapper.application; includeInIndex = 0; path = ShopLens.app; sourceTree = BUILT_PRODUCTS_DIR; };
		B6FDC46E1FB213940087E850 /* AppDelegate.swift */ = {isa = PBXFileReference; lastKnownFileType = sourcecode.swift; path = AppDelegate.swift; sourceTree = "<group>"; };
		B6FDC4701FB213940087E850 /* HomeViewController.swift */ = {isa = PBXFileReference; lastKnownFileType = sourcecode.swift; path = HomeViewController.swift; sourceTree = "<group>"; };
		B6FDC4721FB213940087E850 /* ShoppingListViewController.swift */ = {isa = PBXFileReference; lastKnownFileType = sourcecode.swift; path = ShoppingListViewController.swift; sourceTree = "<group>"; };
		B6FDC4751FB213940087E850 /* Base */ = {isa = PBXFileReference; lastKnownFileType = file.storyboard; name = Base; path = Base.lproj/Main.storyboard; sourceTree = "<group>"; };
		B6FDC47A1FB213940087E850 /* Base */ = {isa = PBXFileReference; lastKnownFileType = file.storyboard; name = Base; path = Base.lproj/LaunchScreen.storyboard; sourceTree = "<group>"; };
		B6FDC4811FB213940087E850 /* ShopLensTests.xctest */ = {isa = PBXFileReference; explicitFileType = wrapper.cfbundle; includeInIndex = 0; path = ShopLensTests.xctest; sourceTree = BUILT_PRODUCTS_DIR; };
		B6FDC4851FB213940087E850 /* ShopLensTests.swift */ = {isa = PBXFileReference; lastKnownFileType = sourcecode.swift; path = ShopLensTests.swift; sourceTree = "<group>"; };
		B6FDC4871FB213940087E850 /* Info.plist */ = {isa = PBXFileReference; lastKnownFileType = text.plist.xml; path = Info.plist; sourceTree = "<group>"; };
		B6FDC48C1FB213940087E850 /* ShopLensUITests.xctest */ = {isa = PBXFileReference; explicitFileType = wrapper.cfbundle; includeInIndex = 0; path = ShopLensUITests.xctest; sourceTree = BUILT_PRODUCTS_DIR; };
		B6FDC4901FB213940087E850 /* ShopLensUITests.swift */ = {isa = PBXFileReference; lastKnownFileType = sourcecode.swift; path = ShopLensUITests.swift; sourceTree = "<group>"; };
		B6FDC4921FB213940087E850 /* Info.plist */ = {isa = PBXFileReference; lastKnownFileType = text.plist.xml; path = Info.plist; sourceTree = "<group>"; };
		EE045B211FCD35D7000D0056 /* logger.swift */ = {isa = PBXFileReference; fileEncoding = 4; lastKnownFileType = sourcecode.swift; name = logger.swift; path = ../../SwiftyPlistManager/SwiftyPlistManager/logger.swift; sourceTree = "<group>"; };
		EE045B231FCD35E6000D0056 /* Data.plist */ = {isa = PBXFileReference; fileEncoding = 4; lastKnownFileType = text.plist.xml; name = Data.plist; path = ../../SwiftyPlistManager/SwiftyPlistManager/Data.plist; sourceTree = "<group>"; };
		EE33CEE11FCD6075007ABBEB /* Info.plist */ = {isa = PBXFileReference; fileEncoding = 4; lastKnownFileType = text.plist.xml; path = Info.plist; sourceTree = "<group>"; };
/* End PBXFileReference section */

/* Begin PBXFrameworksBuildPhase section */
		B6FDC4681FB213940087E850 /* Frameworks */ = {
			isa = PBXFrameworksBuildPhase;
			buildActionMask = 2147483647;
			files = (
			);
			runOnlyForDeploymentPostprocessing = 0;
		};
		B6FDC47E1FB213940087E850 /* Frameworks */ = {
			isa = PBXFrameworksBuildPhase;
			buildActionMask = 2147483647;
			files = (
			);
			runOnlyForDeploymentPostprocessing = 0;
		};
		B6FDC4891FB213940087E850 /* Frameworks */ = {
			isa = PBXFrameworksBuildPhase;
			buildActionMask = 2147483647;
			files = (
			);
			runOnlyForDeploymentPostprocessing = 0;
		};
/* End PBXFrameworksBuildPhase section */

/* Begin PBXGroup section */
		B6FDC4621FB213940087E850 = {
			isa = PBXGroup;
			children = (
				B6FDC46D1FB213940087E850 /* ShopLens */,
				B6FDC4841FB213940087E850 /* ShopLensTests */,
				B6FDC48F1FB213940087E850 /* ShopLensUITests */,
				B6FDC46C1FB213940087E850 /* Products */,
			);
			sourceTree = "<group>";
		};
		B6FDC46C1FB213940087E850 /* Products */ = {
			isa = PBXGroup;
			children = (
				B6FDC46B1FB213940087E850 /* ShopLens.app */,
				B6FDC4811FB213940087E850 /* ShopLensTests.xctest */,
				B6FDC48C1FB213940087E850 /* ShopLensUITests.xctest */,
			);
			name = Products;
			sourceTree = "<group>";
		};
		B6FDC46D1FB213940087E850 /* ShopLens */ = {
			isa = PBXGroup;
			children = (
				B66ED4DD1FBAB3C600F2DFE9 /* Scene.sks */,
				B66ED4DE1FBAB3C600F2DFE9 /* Scene.swift */,
				EE045B231FCD35E6000D0056 /* Data.plist */,
				B6FDC46E1FB213940087E850 /* AppDelegate.swift */,
				EE045B211FCD35D7000D0056 /* logger.swift */,
				B6FDC4701FB213940087E850 /* HomeViewController.swift */,
				B61AC44D1FB51D0000D44603 /* art.scnassets */,
				B6EE64151FB50C5D0091B60C /* NaviViewController.swift */,
				B6FDC4721FB213940087E850 /* ShoppingListViewController.swift */,
				B6EE64131FB5072B0091B60C /* ItemDetailsViewController.swift */,
				B61AC44F1FB56C4800D44603 /* Assets.xcassets */,
				B6EE640F1FB3BBF20091B60C /* ProfileViewController.swift */,
				B6EE64111FB3BC250091B60C /* ShoppingCartViewController.swift */,
				EE33CEE11FCD6075007ABBEB /* Info.plist */,
				B6FDC4741FB213940087E850 /* Main.storyboard */,
				B6FDC4791FB213940087E850 /* LaunchScreen.storyboard */,
				B69CB7121FB822D600D06AA7 /* NewListViewController.swift */,
				B6A848EC1FB82D6000DBD7FA /* cerealResultViewController.swift */,
				B6A848EE1FB82D7500DBD7FA /* icecreamResultViewController.swift */,
			);
			path = ShopLens;
			sourceTree = "<group>";
		};
		B6FDC4841FB213940087E850 /* ShopLensTests */ = {
			isa = PBXGroup;
			children = (
				B6FDC4851FB213940087E850 /* ShopLensTests.swift */,
				B6FDC4871FB213940087E850 /* Info.plist */,
			);
			path = ShopLensTests;
			sourceTree = "<group>";
		};
		B6FDC48F1FB213940087E850 /* ShopLensUITests */ = {
			isa = PBXGroup;
			children = (
				B6FDC4901FB213940087E850 /* ShopLensUITests.swift */,
				B6FDC4921FB213940087E850 /* Info.plist */,
			);
			path = ShopLensUITests;
			sourceTree = "<group>";
		};
/* End PBXGroup section */

/* Begin PBXNativeTarget section */
		B6FDC46A1FB213940087E850 /* ShopLens */ = {
			isa = PBXNativeTarget;
			buildConfigurationList = B6FDC4951FB213940087E850 /* Build configuration list for PBXNativeTarget "ShopLens" */;
			buildPhases = (
				B6FDC4671FB213940087E850 /* Sources */,
				B6FDC4681FB213940087E850 /* Frameworks */,
				B6FDC4691FB213940087E850 /* Resources */,
			);
			buildRules = (
			);
			dependencies = (
			);
			name = ShopLens;
			productName = ShopLens;
			productReference = B6FDC46B1FB213940087E850 /* ShopLens.app */;
			productType = "com.apple.product-type.application";
		};
		B6FDC4801FB213940087E850 /* ShopLensTests */ = {
			isa = PBXNativeTarget;
			buildConfigurationList = B6FDC4981FB213940087E850 /* Build configuration list for PBXNativeTarget "ShopLensTests" */;
			buildPhases = (
				B6FDC47D1FB213940087E850 /* Sources */,
				B6FDC47E1FB213940087E850 /* Frameworks */,
				B6FDC47F1FB213940087E850 /* Resources */,
			);
			buildRules = (
			);
			dependencies = (
				B6FDC4831FB213940087E850 /* PBXTargetDependency */,
			);
			name = ShopLensTests;
			productName = ShopLensTests;
			productReference = B6FDC4811FB213940087E850 /* ShopLensTests.xctest */;
			productType = "com.apple.product-type.bundle.unit-test";
		};
		B6FDC48B1FB213940087E850 /* ShopLensUITests */ = {
			isa = PBXNativeTarget;
			buildConfigurationList = B6FDC49B1FB213940087E850 /* Build configuration list for PBXNativeTarget "ShopLensUITests" */;
			buildPhases = (
				B6FDC4881FB213940087E850 /* Sources */,
				B6FDC4891FB213940087E850 /* Frameworks */,
				B6FDC48A1FB213940087E850 /* Resources */,
			);
			buildRules = (
			);
			dependencies = (
				B6FDC48E1FB213940087E850 /* PBXTargetDependency */,
			);
			name = ShopLensUITests;
			productName = ShopLensUITests;
			productReference = B6FDC48C1FB213940087E850 /* ShopLensUITests.xctest */;
			productType = "com.apple.product-type.bundle.ui-testing";
		};
/* End PBXNativeTarget section */

/* Begin PBXProject section */
		B6FDC4631FB213940087E850 /* Project object */ = {
			isa = PBXProject;
			attributes = {
				LastSwiftUpdateCheck = 0910;
				LastUpgradeCheck = 0910;
				ORGANIZATIONNAME = "Alex Ding";
				TargetAttributes = {
					B6FDC46A1FB213940087E850 = {
						CreatedOnToolsVersion = 9.1;
						ProvisioningStyle = Automatic;
					};
					B6FDC4801FB213940087E850 = {
						CreatedOnToolsVersion = 9.1;
						ProvisioningStyle = Automatic;
						TestTargetID = B6FDC46A1FB213940087E850;
					};
					B6FDC48B1FB213940087E850 = {
						CreatedOnToolsVersion = 9.1;
						ProvisioningStyle = Automatic;
						TestTargetID = B6FDC46A1FB213940087E850;
					};
				};
			};
			buildConfigurationList = B6FDC4661FB213940087E850 /* Build configuration list for PBXProject "ShopLens" */;
			compatibilityVersion = "Xcode 8.0";
			developmentRegion = en;
			hasScannedForEncodings = 0;
			knownRegions = (
				en,
				Base,
			);
			mainGroup = B6FDC4621FB213940087E850;
			productRefGroup = B6FDC46C1FB213940087E850 /* Products */;
			projectDirPath = "";
			projectRoot = "";
			targets = (
				B6FDC46A1FB213940087E850 /* ShopLens */,
				B6FDC4801FB213940087E850 /* ShopLensTests */,
				B6FDC48B1FB213940087E850 /* ShopLensUITests */,
			);
		};
/* End PBXProject section */

/* Begin PBXResourcesBuildPhase section */
		B6FDC4691FB213940087E850 /* Resources */ = {
			isa = PBXResourcesBuildPhase;
			buildActionMask = 2147483647;
			files = (
				EE33CEE21FCD6075007ABBEB /* Info.plist in Resources */,
				EE045B241FCD35E6000D0056 /* Data.plist in Resources */,
				B6FDC47B1FB213940087E850 /* LaunchScreen.storyboard in Resources */,
				B61AC44E1FB51D0000D44603 /* art.scnassets in Resources */,
				B61AC4501FB56C4800D44603 /* Assets.xcassets in Resources */,
				B6FDC4761FB213940087E850 /* Main.storyboard in Resources */,
				B66ED4DF1FBAB3C600F2DFE9 /* Scene.sks in Resources */,
			);
			runOnlyForDeploymentPostprocessing = 0;
		};
		B6FDC47F1FB213940087E850 /* Resources */ = {
			isa = PBXResourcesBuildPhase;
			buildActionMask = 2147483647;
			files = (
			);
			runOnlyForDeploymentPostprocessing = 0;
		};
		B6FDC48A1FB213940087E850 /* Resources */ = {
			isa = PBXResourcesBuildPhase;
			buildActionMask = 2147483647;
			files = (
			);
			runOnlyForDeploymentPostprocessing = 0;
		};
/* End PBXResourcesBuildPhase section */

/* Begin PBXSourcesBuildPhase section */
		B6FDC4671FB213940087E850 /* Sources */ = {
			isa = PBXSourcesBuildPhase;
			buildActionMask = 2147483647;
			files = (
				B6FDC4731FB213940087E850 /* ShoppingListViewController.swift in Sources */,
				B6FDC46F1FB213940087E850 /* AppDelegate.swift in Sources */,
				B6EE64141FB5072B0091B60C /* ItemDetailsViewController.swift in Sources */,
				EE045B221FCD35D7000D0056 /* logger.swift in Sources */,
				B69CB7131FB822D600D06AA7 /* NewListViewController.swift in Sources */,
				B6EE64161FB50C5D0091B60C /* NaviViewController.swift in Sources */,
				B6EE64101FB3BBF20091B60C /* ProfileViewController.swift in Sources */,
				B6A848ED1FB82D6000DBD7FA /* cerealResultViewController.swift in Sources */,
				B6FDC4711FB213940087E850 /* HomeViewController.swift in Sources */,
				B6A848EF1FB82D7500DBD7FA /* icecreamResultViewController.swift in Sources */,
				B6EE64121FB3BC250091B60C /* ShoppingCartViewController.swift in Sources */,
				B66ED4E01FBAB3C600F2DFE9 /* Scene.swift in Sources */,
			);
			runOnlyForDeploymentPostprocessing = 0;
		};
		B6FDC47D1FB213940087E850 /* Sources */ = {
			isa = PBXSourcesBuildPhase;
			buildActionMask = 2147483647;
			files = (
				B6FDC4861FB213940087E850 /* ShopLensTests.swift in Sources */,
			);
			runOnlyForDeploymentPostprocessing = 0;
		};
		B6FDC4881FB213940087E850 /* Sources */ = {
			isa = PBXSourcesBuildPhase;
			buildActionMask = 2147483647;
			files = (
				B6FDC4911FB213940087E850 /* ShopLensUITests.swift in Sources */,
			);
			runOnlyForDeploymentPostprocessing = 0;
		};
/* End PBXSourcesBuildPhase section */

/* Begin PBXTargetDependency section */
		B6FDC4831FB213940087E850 /* PBXTargetDependency */ = {
			isa = PBXTargetDependency;
			target = B6FDC46A1FB213940087E850 /* ShopLens */;
			targetProxy = B6FDC4821FB213940087E850 /* PBXContainerItemProxy */;
		};
		B6FDC48E1FB213940087E850 /* PBXTargetDependency */ = {
			isa = PBXTargetDependency;
			target = B6FDC46A1FB213940087E850 /* ShopLens */;
			targetProxy = B6FDC48D1FB213940087E850 /* PBXContainerItemProxy */;
		};
/* End PBXTargetDependency section */

/* Begin PBXVariantGroup section */
		B6FDC4741FB213940087E850 /* Main.storyboard */ = {
			isa = PBXVariantGroup;
			children = (
				B6FDC4751FB213940087E850 /* Base */,
			);
			name = Main.storyboard;
			sourceTree = "<group>";
		};
		B6FDC4791FB213940087E850 /* LaunchScreen.storyboard */ = {
			isa = PBXVariantGroup;
			children = (
				B6FDC47A1FB213940087E850 /* Base */,
			);
			name = LaunchScreen.storyboard;
			sourceTree = "<group>";
		};
/* End PBXVariantGroup section */

/* Begin XCBuildConfiguration section */
		B6FDC4931FB213940087E850 /* Debug */ = {
			isa = XCBuildConfiguration;
			buildSettings = {
				ALWAYS_SEARCH_USER_PATHS = NO;
				CLANG_ANALYZER_NONNULL = YES;
				CLANG_ANALYZER_NUMBER_OBJECT_CONVERSION = YES_AGGRESSIVE;
				CLANG_CXX_LANGUAGE_STANDARD = "gnu++14";
				CLANG_CXX_LIBRARY = "libc++";
				CLANG_ENABLE_MODULES = YES;
				CLANG_ENABLE_OBJC_ARC = YES;
				CLANG_WARN_BLOCK_CAPTURE_AUTORELEASING = YES;
				CLANG_WARN_BOOL_CONVERSION = YES;
				CLANG_WARN_COMMA = YES;
				CLANG_WARN_CONSTANT_CONVERSION = YES;
				CLANG_WARN_DIRECT_OBJC_ISA_USAGE = YES_ERROR;
				CLANG_WARN_DOCUMENTATION_COMMENTS = YES;
				CLANG_WARN_EMPTY_BODY = YES;
				CLANG_WARN_ENUM_CONVERSION = YES;
				CLANG_WARN_INFINITE_RECURSION = YES;
				CLANG_WARN_INT_CONVERSION = YES;
				CLANG_WARN_NON_LITERAL_NULL_CONVERSION = YES;
				CLANG_WARN_OBJC_LITERAL_CONVERSION = YES;
				CLANG_WARN_OBJC_ROOT_CLASS = YES_ERROR;
				CLANG_WARN_RANGE_LOOP_ANALYSIS = YES;
				CLANG_WARN_STRICT_PROTOTYPES = YES;
				CLANG_WARN_SUSPICIOUS_MOVE = YES;
				CLANG_WARN_UNGUARDED_AVAILABILITY = YES_AGGRESSIVE;
				CLANG_WARN_UNREACHABLE_CODE = YES;
				CLANG_WARN__DUPLICATE_METHOD_MATCH = YES;
				CODE_SIGN_IDENTITY = "iPhone Developer";
				COPY_PHASE_STRIP = NO;
				DEBUG_INFORMATION_FORMAT = dwarf;
				ENABLE_STRICT_OBJC_MSGSEND = YES;
				ENABLE_TESTABILITY = YES;
				GCC_C_LANGUAGE_STANDARD = gnu11;
				GCC_DYNAMIC_NO_PIC = NO;
				GCC_NO_COMMON_BLOCKS = YES;
				GCC_OPTIMIZATION_LEVEL = 0;
				GCC_PREPROCESSOR_DEFINITIONS = (
					"DEBUG=1",
					"$(inherited)",
				);
				GCC_WARN_64_TO_32_BIT_CONVERSION = YES;
				GCC_WARN_ABOUT_RETURN_TYPE = YES_ERROR;
				GCC_WARN_UNDECLARED_SELECTOR = YES;
				GCC_WARN_UNINITIALIZED_AUTOS = YES_AGGRESSIVE;
				GCC_WARN_UNUSED_FUNCTION = YES;
				GCC_WARN_UNUSED_VARIABLE = YES;
				IPHONEOS_DEPLOYMENT_TARGET = 11.1;
				MTL_ENABLE_DEBUG_INFO = YES;
				ONLY_ACTIVE_ARCH = YES;
				SDKROOT = iphoneos;
				SWIFT_ACTIVE_COMPILATION_CONDITIONS = DEBUG;
				SWIFT_OPTIMIZATION_LEVEL = "-Onone";
			};
			name = Debug;
		};
		B6FDC4941FB213940087E850 /* Release */ = {
			isa = XCBuildConfiguration;
			buildSettings = {
				ALWAYS_SEARCH_USER_PATHS = NO;
				CLANG_ANALYZER_NONNULL = YES;
				CLANG_ANALYZER_NUMBER_OBJECT_CONVERSION = YES_AGGRESSIVE;
				CLANG_CXX_LANGUAGE_STANDARD = "gnu++14";
				CLANG_CXX_LIBRARY = "libc++";
				CLANG_ENABLE_MODULES = YES;
				CLANG_ENABLE_OBJC_ARC = YES;
				CLANG_WARN_BLOCK_CAPTURE_AUTORELEASING = YES;
				CLANG_WARN_BOOL_CONVERSION = YES;
				CLANG_WARN_COMMA = YES;
				CLANG_WARN_CONSTANT_CONVERSION = YES;
				CLANG_WARN_DIRECT_OBJC_ISA_USAGE = YES_ERROR;
				CLANG_WARN_DOCUMENTATION_COMMENTS = YES;
				CLANG_WARN_EMPTY_BODY = YES;
				CLANG_WARN_ENUM_CONVERSION = YES;
				CLANG_WARN_INFINITE_RECURSION = YES;
				CLANG_WARN_INT_CONVERSION = YES;
				CLANG_WARN_NON_LITERAL_NULL_CONVERSION = YES;
				CLANG_WARN_OBJC_LITERAL_CONVERSION = YES;
				CLANG_WARN_OBJC_ROOT_CLASS = YES_ERROR;
				CLANG_WARN_RANGE_LOOP_ANALYSIS = YES;
				CLANG_WARN_STRICT_PROTOTYPES = YES;
				CLANG_WARN_SUSPICIOUS_MOVE = YES;
				CLANG_WARN_UNGUARDED_AVAILABILITY = YES_AGGRESSIVE;
				CLANG_WARN_UNREACHABLE_CODE = YES;
				CLANG_WARN__DUPLICATE_METHOD_MATCH = YES;
				CODE_SIGN_IDENTITY = "iPhone Developer";
				COPY_PHASE_STRIP = NO;
				DEBUG_INFORMATION_FORMAT = "dwarf-with-dsym";
				ENABLE_NS_ASSERTIONS = NO;
				ENABLE_STRICT_OBJC_MSGSEND = YES;
				GCC_C_LANGUAGE_STANDARD = gnu11;
				GCC_NO_COMMON_BLOCKS = YES;
				GCC_WARN_64_TO_32_BIT_CONVERSION = YES;
				GCC_WARN_ABOUT_RETURN_TYPE = YES_ERROR;
				GCC_WARN_UNDECLARED_SELECTOR = YES;
				GCC_WARN_UNINITIALIZED_AUTOS = YES_AGGRESSIVE;
				GCC_WARN_UNUSED_FUNCTION = YES;
				GCC_WARN_UNUSED_VARIABLE = YES;
				IPHONEOS_DEPLOYMENT_TARGET = 11.1;
				MTL_ENABLE_DEBUG_INFO = NO;
				SDKROOT = iphoneos;
				SWIFT_OPTIMIZATION_LEVEL = "-Owholemodule";
				VALIDATE_PRODUCT = YES;
			};
			name = Release;
		};
		B6FDC4961FB213940087E850 /* Debug */ = {
			isa = XCBuildConfiguration;
			buildSettings = {
				ASSETCATALOG_COMPILER_APPICON_NAME = AppIcon;
				"CODE_SIGN_IDENTITY[sdk=iphoneos*]" = "iPhone Developer";
				CODE_SIGN_STYLE = Automatic;
				DEVELOPMENT_TEAM = 3H8CP7LRBF;
				INFOPLIST_FILE = ShopLens/Info.plist;
				IPHONEOS_DEPLOYMENT_TARGET = 11.0;
				LD_RUNPATH_SEARCH_PATHS = "$(inherited) @executable_path/Frameworks";
				PRODUCT_BUNDLE_IDENTIFIER = ShopLens;
				PRODUCT_NAME = "$(TARGET_NAME)";
				PROVISIONING_PROFILE_SPECIFIER = "";
				SWIFT_VERSION = 4.0;
				TARGETED_DEVICE_FAMILY = 1;
			};
			name = Debug;
		};
		B6FDC4971FB213940087E850 /* Release */ = {
			isa = XCBuildConfiguration;
			buildSettings = {
				ASSETCATALOG_COMPILER_APPICON_NAME = AppIcon;
				"CODE_SIGN_IDENTITY[sdk=iphoneos*]" = "iPhone Developer";
				CODE_SIGN_STYLE = Automatic;
				DEVELOPMENT_TEAM = 3H8CP7LRBF;
				INFOPLIST_FILE = ShopLens/Info.plist;
				IPHONEOS_DEPLOYMENT_TARGET = 11.0;
				LD_RUNPATH_SEARCH_PATHS = "$(inherited) @executable_path/Frameworks";
				PRODUCT_BUNDLE_IDENTIFIER = ShopLens;
				PRODUCT_NAME = "$(TARGET_NAME)";
				PROVISIONING_PROFILE_SPECIFIER = "";
				SWIFT_VERSION = 4.0;
				TARGETED_DEVICE_FAMILY = 1;
			};
			name = Release;
		};
		B6FDC4991FB213940087E850 /* Debug */ = {
			isa = XCBuildConfiguration;
			buildSettings = {
				ALWAYS_EMBED_SWIFT_STANDARD_LIBRARIES = YES;
				BUNDLE_LOADER = "$(TEST_HOST)";
				CODE_SIGN_STYLE = Automatic;
				INFOPLIST_FILE = ShopLensTests/Info.plist;
				LD_RUNPATH_SEARCH_PATHS = "$(inherited) @executable_path/Frameworks @loader_path/Frameworks";
				PRODUCT_BUNDLE_IDENTIFIER = com.alexding.ShopLensTests;
				PRODUCT_NAME = "$(TARGET_NAME)";
				SWIFT_VERSION = 4.0;
				TARGETED_DEVICE_FAMILY = "1,2";
				TEST_HOST = "$(BUILT_PRODUCTS_DIR)/ShopLens.app/ShopLens";
			};
			name = Debug;
		};
		B6FDC49A1FB213940087E850 /* Release */ = {
			isa = XCBuildConfiguration;
			buildSettings = {
				ALWAYS_EMBED_SWIFT_STANDARD_LIBRARIES = YES;
				BUNDLE_LOADER = "$(TEST_HOST)";
				CODE_SIGN_STYLE = Automatic;
				INFOPLIST_FILE = ShopLensTests/Info.plist;
				LD_RUNPATH_SEARCH_PATHS = "$(inherited) @executable_path/Frameworks @loader_path/Frameworks";
				PRODUCT_BUNDLE_IDENTIFIER = com.alexding.ShopLensTests;
				PRODUCT_NAME = "$(TARGET_NAME)";
				SWIFT_VERSION = 4.0;
				TARGETED_DEVICE_FAMILY = "1,2";
				TEST_HOST = "$(BUILT_PRODUCTS_DIR)/ShopLens.app/ShopLens";
			};
			name = Release;
		};
		B6FDC49C1FB213940087E850 /* Debug */ = {
			isa = XCBuildConfiguration;
			buildSettings = {
				ALWAYS_EMBED_SWIFT_STANDARD_LIBRARIES = YES;
				CODE_SIGN_STYLE = Automatic;
				INFOPLIST_FILE = ShopLensUITests/Info.plist;
				LD_RUNPATH_SEARCH_PATHS = "$(inherited) @executable_path/Frameworks @loader_path/Frameworks";
				PRODUCT_BUNDLE_IDENTIFIER = com.alexding.ShopLensUITests;
				PRODUCT_NAME = "$(TARGET_NAME)";
				SWIFT_VERSION = 4.0;
				TARGETED_DEVICE_FAMILY = "1,2";
				TEST_TARGET_NAME = ShopLens;
			};
			name = Debug;
		};
		B6FDC49D1FB213940087E850 /* Release */ = {
			isa = XCBuildConfiguration;
			buildSettings = {
				ALWAYS_EMBED_SWIFT_STANDARD_LIBRARIES = YES;
				CODE_SIGN_STYLE = Automatic;
				INFOPLIST_FILE = ShopLensUITests/Info.plist;
				LD_RUNPATH_SEARCH_PATHS = "$(inherited) @executable_path/Frameworks @loader_path/Frameworks";
				PRODUCT_BUNDLE_IDENTIFIER = com.alexding.ShopLensUITests;
				PRODUCT_NAME = "$(TARGET_NAME)";
				SWIFT_VERSION = 4.0;
				TARGETED_DEVICE_FAMILY = "1,2";
				TEST_TARGET_NAME = ShopLens;
			};
			name = Release;
		};
/* End XCBuildConfiguration section */

/* Begin XCConfigurationList section */
		B6FDC4661FB213940087E850 /* Build configuration list for PBXProject "ShopLens" */ = {
			isa = XCConfigurationList;
			buildConfigurations = (
				B6FDC4931FB213940087E850 /* Debug */,
				B6FDC4941FB213940087E850 /* Release */,
			);
			defaultConfigurationIsVisible = 0;
			defaultConfigurationName = Release;
		};
		B6FDC4951FB213940087E850 /* Build configuration list for PBXNativeTarget "ShopLens" */ = {
			isa = XCConfigurationList;
			buildConfigurations = (
				B6FDC4961FB213940087E850 /* Debug */,
				B6FDC4971FB213940087E850 /* Release */,
			);
			defaultConfigurationIsVisible = 0;
			defaultConfigurationName = Release;
		};
		B6FDC4981FB213940087E850 /* Build configuration list for PBXNativeTarget "ShopLensTests" */ = {
			isa = XCConfigurationList;
			buildConfigurations = (
				B6FDC4991FB213940087E850 /* Debug */,
				B6FDC49A1FB213940087E850 /* Release */,
			);
			defaultConfigurationIsVisible = 0;
			defaultConfigurationName = Release;
		};
		B6FDC49B1FB213940087E850 /* Build configuration list for PBXNativeTarget "ShopLensUITests" */ = {
			isa = XCConfigurationList;
			buildConfigurations = (
				B6FDC49C1FB213940087E850 /* Debug */,
				B6FDC49D1FB213940087E850 /* Release */,
			);
			defaultConfigurationIsVisible = 0;
			defaultConfigurationName = Release;
		};
/* End XCConfigurationList section */
	};
	rootObject = B6FDC4631FB213940087E850 /* Project object */;
}
